{
  "name": "myapp",
  "version": "1.0.0",
  "lockfileVersion": 3,
  "requires": true,
  "packages": {
    "": {
      "name": "myapp",
      "version": "1.0.0",
      "license": "ISC",
      "dependencies": {
        "@luanfv/fluentsql": "^1.0.0"
      }
    },
    "node_modules/@luanfv/fluentsql": {
      "version": "1.0.1",
      "resolved": "https://registry.npmjs.org/@luanfv/fluentsql/-/fluentsql-1.0.1.tgz",
      "integrity": "sha512-mzMwZO8/bmpXwMl4iXo7IogaF+09iYSAdwnHsuFQibufPbiCZPa8X8Knb3jt+/z8bB0Ybfrp8hHJggz0NymsBA=="
    }
  }
}
